{
  "version": 4,
  "terraform_version": "1.6.6",
  "serial": 10,
  "lineage": "0eacb581-e3d1-864b-a2a0-a33aa0a7e4ec",
  "outputs": {
    "default_user": {
      "value": "opc",
      "type": "string"
    },
    "instance_names": {
      "value": [
        "a10-gpu-1",
        "a10-gpu-2"
      ],
      "type": [
        "tuple",
        [
          "string",
          "string"
        ]
      ]
    },
    "instance_private_keys": {
      "value": [
        "ssh_keys/server_1",
        "ssh_keys/server_2"
      ],
      "type": [
        "tuple",
        [
          "string",
          "string"
        ]
      ]
    },
    "instance_public_ips": {
      "value": [
        "132.145.162.197",
        "150.136.121.207"
      ],
      "type": [
        "tuple",
        [
          "string",
          "string"
        ]
      ]
    }
  },
  "resources": [
    {
      "mode": "managed",
      "type": "oci_core_instance",
      "name": "gpu_instance",
      "provider": "provider[\"registry.terraform.io/hashicorp/oci\"]",
      "instances": [
        {
          "index_key": 0,
          "schema_version": 0,
          "attributes": {
            "agent_config": [
              {
                "are_all_plugins_disabled": false,
                "is_management_disabled": false,
                "is_monitoring_disabled": false,
                "plugins_config": []
              }
            ],
            "async": null,
            "availability_config": [
              {
                "is_live_migration_preferred": false,
                "recovery_action": "RESTORE_INSTANCE"
              }
            ],
            "availability_domain": "fttO:US-ASHBURN-AD-1",
            "boot_volume_id": "ocid1.bootvolume.oc1.iad.abuwcljtzvji4yy4j7is5hwghzwxwxarhetnhxqwgwd7ry4niqqv5pjz6fya",
            "capacity_reservation_id": null,
            "cluster_placement_group_id": null,
            "compartment_id": "ocid1.compartment.oc1..aaaaaaaam3amapwxz6nyciqzb2v2iwg66t22g47vabo5ilnghbsskooeop3q",
            "compute_cluster_id": null,
            "create_vnic_details": [
              {
                "assign_ipv6ip": false,
                "assign_private_dns_record": false,
                "assign_public_ip": "true",
                "defined_tags": {
                  "Oracle-Tags.CreatedBy": "oracleidentitycloudservice/joungmin.ko@oracle.com",
                  "Oracle-Tags.CreatedOn": "2025-03-30T07:23:09.474Z"
                },
                "display_name": "a10-gpu-1",
                "freeform_tags": {},
                "hostname_label": "a10-gpu-1",
                "ipv6address_ipv6subnet_cidr_pair_details": [],
                "nsg_ids": [],
                "private_ip": "10.0.0.164",
                "security_attributes": {},
                "skip_source_dest_check": false,
                "subnet_id": "ocid1.subnet.oc1.iad.aaaaaaaao5airz3vuohgxzme5lek3yz3dbtsz5ngcojwn4rbokyqnosuogsa",
                "vlan_id": ""
              }
            ],
            "dedicated_vm_host_id": null,
            "defined_tags": {
              "Oracle-Tags.CreatedBy": "oracleidentitycloudservice/joungmin.ko@oracle.com",
              "Oracle-Tags.CreatedOn": "2025-03-30T07:23:09.297Z"
            },
            "display_name": "a10-gpu-1",
            "extended_metadata": {},
            "fault_domain": "FAULT-DOMAIN-2",
            "freeform_tags": {},
            "hostname_label": "a10-gpu-1",
            "id": "ocid1.instance.oc1.iad.anuwcljtvsea7yic4wvthbzxym6tkcdcdedywy6sq3jjxivtetvlb5yfijbq",
            "image": "ocid1.image.oc1.iad.aaaaaaaaj3uhqliqpetwozwm5hbfuqw4ubrhkg7pnez2lwwrlbibqe4o72ga",
            "instance_configuration_id": null,
            "instance_options": [
              {
                "are_legacy_imds_endpoints_disabled": false
              }
            ],
            "ipxe_script": null,
            "is_cross_numa_node": false,
            "is_pv_encryption_in_transit_enabled": null,
            "launch_mode": "PARAVIRTUALIZED",
            "launch_options": [
              {
                "boot_volume_type": "PARAVIRTUALIZED",
                "firmware": "UEFI_64",
                "is_consistent_volume_naming_enabled": true,
                "is_pv_encryption_in_transit_enabled": false,
                "network_type": "PARAVIRTUALIZED",
                "remote_data_volume_type": "PARAVIRTUALIZED"
              }
            ],
            "launch_volume_attachments": null,
            "licensing_configs": [],
            "metadata": {
              "ssh_authorized_keys": "ssh-rsa AAAAB3NzaC1yc2EAAAADAQABAAABAQCuzxUV2pU24m4UKuqX5PhkV9JOSo4dd+yhUG1zyURRdHl+tYqBKawZRF/SELl3lU0i8f+NmY9tQ4+4o/yLMqn5FZkbn8hUp5oMrfLFvB2iFmWOYG8zHObKJziuspwi7A8Ptw4ferWbIDdPOhGlgRPncPT2611qLn+0HjASGhO+pyRGCpWwXwK/q+d+MaAYUM97vkYrhdJZ6Vtpihd+eOINLMMdK2tDvfhDZZ5gJk9+7OwEWuPT8D7QSlJn7uGFT0ZvgsjFkVxUr8tOOABXjfd+hG20Ts+aqIZbi52Qw9nhNWij0b6jDIJ6oyeGd2F3KjnydCcfZ0sTeciGkvsBKFxp opc@control-mv\n"
            },
            "platform_config": [],
            "preemptible_instance_config": [],
            "preserve_boot_volume": null,
            "preserve_data_volumes_created_at_launch": null,
            "private_ip": "10.0.0.164",
            "public_ip": "132.145.162.197",
            "region": "iad",
            "security_attributes": {},
            "security_attributes_state": "STABLE",
            "shape": "VM.GPU.A10.1",
            "shape_config": [
              {
                "baseline_ocpu_utilization": "",
                "gpu_description": "NVIDIA® A10",
                "gpus": 1,
                "local_disk_description": "",
                "local_disks": 0,
                "local_disks_total_size_in_gbs": 0,
                "max_vnic_attachments": 15,
                "memory_in_gbs": 240,
                "networking_bandwidth_in_gbps": 24,
                "nvmes": 0,
                "ocpus": 15,
                "processor_description": "2.6 GHz Intel® Xeon® Platinum 8358 (Ice Lake)",
                "vcpus": 30
              }
            ],
            "source_details": [
              {
                "boot_volume_size_in_gbs": "200",
                "boot_volume_vpus_per_gb": "10",
                "instance_source_image_filter_details": [],
                "is_preserve_boot_volume_enabled": false,
                "kms_key_id": "",
                "source_id": "ocid1.image.oc1.iad.aaaaaaaaj3uhqliqpetwozwm5hbfuqw4ubrhkg7pnez2lwwrlbibqe4o72ga",
                "source_type": "image"
              }
            ],
            "state": "RUNNING",
            "subnet_id": "ocid1.subnet.oc1.iad.aaaaaaaao5airz3vuohgxzme5lek3yz3dbtsz5ngcojwn4rbokyqnosuogsa",
            "system_tags": {},
            "time_created": "2025-03-30 07:23:09.917 +0000 UTC",
            "time_maintenance_reboot_due": "",
            "timeouts": null,
            "update_operation_constraint": null
          },
          "sensitive_attributes": [],
          "private": "eyJlMmJmYjczMC1lY2FhLTExZTYtOGY4OC0zNDM2M2JjN2M0YzAiOnsiY3JlYXRlIjoyNzAwMDAwMDAwMDAwLCJkZWxldGUiOjQ1MDAwMDAwMDAwMDAsInVwZGF0ZSI6MjcwMDAwMDAwMDAwMH19"
        },
        {
          "index_key": 1,
          "schema_version": 0,
          "attributes": {
            "agent_config": [
              {
                "are_all_plugins_disabled": false,
                "is_management_disabled": false,
                "is_monitoring_disabled": false,
                "plugins_config": []
              }
            ],
            "async": null,
            "availability_config": [
              {
                "is_live_migration_preferred": false,
                "recovery_action": "RESTORE_INSTANCE"
              }
            ],
            "availability_domain": "fttO:US-ASHBURN-AD-1",
            "boot_volume_id": "ocid1.bootvolume.oc1.iad.abuwcljtiw563dxyk6xyftfnnaa7irbrjrhadbvbsbeorcrmztzhcy2ofqdq",
            "capacity_reservation_id": null,
            "cluster_placement_group_id": null,
            "compartment_id": "ocid1.compartment.oc1..aaaaaaaam3amapwxz6nyciqzb2v2iwg66t22g47vabo5ilnghbsskooeop3q",
            "compute_cluster_id": null,
            "create_vnic_details": [
              {
                "assign_ipv6ip": false,
                "assign_private_dns_record": false,
                "assign_public_ip": "true",
                "defined_tags": {
                  "Oracle-Tags.CreatedBy": "oracleidentitycloudservice/joungmin.ko@oracle.com",
                  "Oracle-Tags.CreatedOn": "2025-03-30T07:23:09.469Z"
                },
                "display_name": "a10-gpu-2",
                "freeform_tags": {},
                "hostname_label": "a10-gpu-2",
                "ipv6address_ipv6subnet_cidr_pair_details": [],
                "nsg_ids": [],
                "private_ip": "10.0.0.217",
                "security_attributes": {},
                "skip_source_dest_check": false,
                "subnet_id": "ocid1.subnet.oc1.iad.aaaaaaaao5airz3vuohgxzme5lek3yz3dbtsz5ngcojwn4rbokyqnosuogsa",
                "vlan_id": ""
              }
            ],
            "dedicated_vm_host_id": null,
            "defined_tags": {
              "Oracle-Tags.CreatedBy": "oracleidentitycloudservice/joungmin.ko@oracle.com",
              "Oracle-Tags.CreatedOn": "2025-03-30T07:23:09.294Z"
            },
            "display_name": "a10-gpu-2",
            "extended_metadata": {},
            "fault_domain": "FAULT-DOMAIN-2",
            "freeform_tags": {},
            "hostname_label": "a10-gpu-2",
            "id": "ocid1.instance.oc1.iad.anuwcljtvsea7yiclcidzv4szwdm6ruvrzq2zeggujy5lvo2yzf64qy7snna",
            "image": "ocid1.image.oc1.iad.aaaaaaaaj3uhqliqpetwozwm5hbfuqw4ubrhkg7pnez2lwwrlbibqe4o72ga",
            "instance_configuration_id": null,
            "instance_options": [
              {
                "are_legacy_imds_endpoints_disabled": false
              }
            ],
            "ipxe_script": null,
            "is_cross_numa_node": false,
            "is_pv_encryption_in_transit_enabled": null,
            "launch_mode": "PARAVIRTUALIZED",
            "launch_options": [
              {
                "boot_volume_type": "PARAVIRTUALIZED",
                "firmware": "UEFI_64",
                "is_consistent_volume_naming_enabled": true,
                "is_pv_encryption_in_transit_enabled": false,
                "network_type": "PARAVIRTUALIZED",
                "remote_data_volume_type": "PARAVIRTUALIZED"
              }
            ],
            "launch_volume_attachments": null,
            "licensing_configs": [],
            "metadata": {
              "ssh_authorized_keys": "ssh-rsa AAAAB3NzaC1yc2EAAAADAQABAAABAQCo9yNmvOsUSnlGvddnoGniz6/YRBkv0UOAqwyfu9N9zeHJr3RuvJ+VccWR3smESmRIUzL1tLqL0IOnHBYXXXOl5yEwf7G5kpXubouh1WtALbLYQM3xyruGC+6ulVVnwr1+/nX1NmENCaqxuctnl70Y9P2CPnw8qBImKN+FoTgnrukd2WK+2phIdO5gyrmbR2eHGKEaTXcHxD1umgH6DlBS80SdqocpZpx91QCPgJ/q5yZ5PQec2ppH643SQ0a8KrR8SDlB1JQWRpsRRZujg+OTQ1trtxx1yeEjvm6eJU6cD8QhziCx7f/nRPIRlXmizpFkfUJ40S1AGoCBcML6iEcB opc@control-mv\n"
            },
            "platform_config": [],
            "preemptible_instance_config": [],
            "preserve_boot_volume": null,
            "preserve_data_volumes_created_at_launch": null,
            "private_ip": "10.0.0.217",
            "public_ip": "150.136.121.207",
            "region": "iad",
            "security_attributes": {},
            "security_attributes_state": "STABLE",
            "shape": "VM.GPU.A10.1",
            "shape_config": [
              {
                "baseline_ocpu_utilization": "",
                "gpu_description": "NVIDIA® A10",
                "gpus": 1,
                "local_disk_description": "",
                "local_disks": 0,
                "local_disks_total_size_in_gbs": 0,
                "max_vnic_attachments": 15,
                "memory_in_gbs": 240,
                "networking_bandwidth_in_gbps": 24,
                "nvmes": 0,
                "ocpus": 15,
                "processor_description": "2.6 GHz Intel® Xeon® Platinum 8358 (Ice Lake)",
                "vcpus": 30
              }
            ],
            "source_details": [
              {
                "boot_volume_size_in_gbs": "200",
                "boot_volume_vpus_per_gb": "10",
                "instance_source_image_filter_details": [],
                "is_preserve_boot_volume_enabled": false,
                "kms_key_id": "",
                "source_id": "ocid1.image.oc1.iad.aaaaaaaaj3uhqliqpetwozwm5hbfuqw4ubrhkg7pnez2lwwrlbibqe4o72ga",
                "source_type": "image"
              }
            ],
            "state": "RUNNING",
            "subnet_id": "ocid1.subnet.oc1.iad.aaaaaaaao5airz3vuohgxzme5lek3yz3dbtsz5ngcojwn4rbokyqnosuogsa",
            "system_tags": {},
            "time_created": "2025-03-30 07:23:09.832 +0000 UTC",
            "time_maintenance_reboot_due": "",
            "timeouts": null,
            "update_operation_constraint": null
          },
          "sensitive_attributes": [],
          "private": "eyJlMmJmYjczMC1lY2FhLTExZTYtOGY4OC0zNDM2M2JjN2M0YzAiOnsiY3JlYXRlIjoyNzAwMDAwMDAwMDAwLCJkZWxldGUiOjQ1MDAwMDAwMDAwMDAsInVwZGF0ZSI6MjcwMDAwMDAwMDAwMH19"
        }
      ]
    }
  ],
  "check_results": null
}
